
Microsoft Visual Studio Solution File, Format Version 12.00
# Visual Studio Version 17
VisualStudioVersion = 17.6.33815.320
MinimumVisualStudioVersion = 10.0.40219.1
Project("{9A19103F-16F7-4668-BE54-9A1E7A4F7556}") = "Lab5", "Lab5\Lab5.csproj", "{55C002F2-735B-4677-8960-CB2865D302A6}"
EndProject
Global
	GlobalSection(SolutionConfigurationPlatforms) = preSolution
		Debug|Any CPU = Debug|Any CPU
		Release|Any CPU = Release|Any CPU
	EndGlobalSection
	GlobalSection(ProjectConfigurationPlatforms) = postSolution
		{55C002F2-735B-4677-8960-CB2865D302A6}.Debug|Any CPU.ActiveCfg = Debug|Any CPU
		{55C002F2-735B-4677-8960-CB2865D302A6}.Debug|Any CPU.Build.0 = Debug|Any CPU
		{55C002F2-735B-4677-8960-CB2865D302A6}.Release|Any CPU.ActiveCfg = Release|Any CPU
		{55C002F2-735B-4677-8960-CB2865D302A6}.Release|Any CPU.Build.0 = Release|Any CPU
	EndGlobalSection
	GlobalSection(SolutionProperties) = preSolution
		HideSolutionNode = FALSE
	EndGlobalSection
	GlobalSection(ExtensibilityGlobals) = postSolution
		SolutionGuid = {0F4844E7-1C62-4E85-ADE0-843013456D58}
	EndGlobalSection
EndGlobal
