
Microsoft Visual Studio Solution File, Format Version 12.00
# Visual Studio Version 17
VisualStudioVersion = 17.6.33815.320
MinimumVisualStudioVersion = 10.0.40219.1
Project("{FAE04EC0-301F-11D3-BF4B-00C04F79EFBC}") = "Lab6", "Lab6\Lab6.csproj", "{658C6500-0D8D-43D0-ACE4-81D479AE3290}"
EndProject
Global
	GlobalSection(SolutionConfigurationPlatforms) = preSolution
		Debug|Any CPU = Debug|Any CPU
		Release|Any CPU = Release|Any CPU
	EndGlobalSection
	GlobalSection(ProjectConfigurationPlatforms) = postSolution
		{658C6500-0D8D-43D0-ACE4-81D479AE3290}.Debug|Any CPU.ActiveCfg = Debug|Any CPU
		{658C6500-0D8D-43D0-ACE4-81D479AE3290}.Debug|Any CPU.Build.0 = Debug|Any CPU
		{658C6500-0D8D-43D0-ACE4-81D479AE3290}.Release|Any CPU.ActiveCfg = Release|Any CPU
		{658C6500-0D8D-43D0-ACE4-81D479AE3290}.Release|Any CPU.Build.0 = Release|Any CPU
	EndGlobalSection
	GlobalSection(SolutionProperties) = preSolution
		HideSolutionNode = FALSE
	EndGlobalSection
	GlobalSection(ExtensibilityGlobals) = postSolution
		SolutionGuid = {03321B9E-E764-4EBB-946A-DFEF24A6B175}
	EndGlobalSection
EndGlobal
